{
  "name": "electron-react-boilerplate",
  "version": "4.6.0",
  "lockfileVersion": 2,
  "requires": true,
  "packages": {
    "": {
      "name": "electron-react-boilerplate",
      "version": "4.6.0",
      "hasInstallScript": true,
      "license": "MIT",
      "dependencies": {
        "koffi": "^2.3.9"
      }
    },
    "node_modules/koffi": {
      "version": "2.3.9",
      "resolved": "https://registry.npmmirror.com/koffi/-/koffi-2.3.9.tgz",
      "integrity": "sha512-X861mxFeBX/AUI1o0dNU2a9vK/E63gyd+4BU+jtPQDkk7ddJ7jVfBSFh4SpDXoOegvFc4JiO19MaG9mljJXh3w==",
      "hasInstallScript": true
    }
  },
  "dependencies": {
    "koffi": {
      "version": "2.3.9",
      "resolved": "https://registry.npmmirror.com/koffi/-/koffi-2.3.9.tgz",
      "integrity": "sha512-X861mxFeBX/AUI1o0dNU2a9vK/E63gyd+4BU+jtPQDkk7ddJ7jVfBSFh4SpDXoOegvFc4JiO19MaG9mljJXh3w=="
    }
  }
}
